{
  "name": "touchpassr",
  "version": "0.7.0",
  "lockfileVersion": 1,
  "requires": true,
  "dependencies": {
    "inputwritr": {
      "version": "0.7.1",
      "resolved": "https://registry.npmjs.org/inputwritr/-/inputwritr-0.7.1.tgz",
      "integrity": "sha512-9Bf79tRkTTxw00qGWk8dIVhAmi3VQvM2+cnscgRYExRpa+L35fnU5+N0BBC+pfvdP6kdoJQH4awKiTUoOqP+yw=="
    },
    "itemsholdr": {
      "version": "0.7.1",
      "resolved": "https://registry.npmjs.org/itemsholdr/-/itemsholdr-0.7.1.tgz",
      "integrity": "sha512-OAAq8LpX4ZIYD1Nivy1jEnCGwmFfcsgcWihx2Wa6Q/ToF4sWa1mdAMZxjkFoqQvlxuMNj52KKNmmrbsoJh4rNA=="
    }
  }
}
