# THIS IS AN AUTOGENERATED FILE. DO NOT EDIT THIS FILE DIRECTLY.
# yarn lockfile v1


"@types/color-name@^1.1.1":
  version "1.1.1"
  resolved "https://registry.yarnpkg.com/@types/color-name/-/color-name-1.1.1.tgz#1c1261bbeaa10a8055bbc5d8ab84b7b2afc846a0"
  integrity sha512-rr+OQyAjxze7GgWrSaJwydHStIhHq2lvY3BOC2Mj7KnzI7XK0Uw1TOOdI9lDoajEbSWLiYgoo4f1R51erQfhPQ==

ansi-styles@^4.1.0:
  version "4.2.1"
  resolved "https://registry.yarnpkg.com/ansi-styles/-/ansi-styles-4.2.1.tgz#90ae75c424d008d2624c5bf29ead3177ebfcf359"
  integrity sha512-9VGjrMsG1vePxcSweQsN20KY/c4zN0h9fLjqAbwbPfahM3t+NL+M9HC8xeXG2I8pX5NoamTGNuomEUFI7fcUjA==
  dependencies:
    "@types/color-name" "^1.1.1"
    color-convert "^2.0.1"

any-promise@^1.0.0:
  version "1.3.0"
  resolved "https://registry.yarnpkg.com/any-promise/-/any-promise-1.3.0.tgz#abc6afeedcea52e809cdc0376aed3ce39635d17f"
  integrity sha1-q8av7tzqUugJzcA3au0845Y10X8=

anymatch@~3.1.1:
  version "3.1.1"
  resolved "https://registry.yarnpkg.com/anymatch/-/anymatch-3.1.1.tgz#c55ecf02185e2469259399310c173ce31233b142"
  integrity sha512-mM8522psRCqzV+6LhomX5wgp25YVibjh8Wj23I5RPkPppSVSjyKD2A2mBJmWGa+KN7f2D6LNh9jkBCeyLktzjg==
  dependencies:
    normalize-path "^3.0.0"
    picomatch "^2.0.4"

areaspawnr@^0.7.5:
  version "0.7.5"
  resolved "https://registry.yarnpkg.com/areaspawnr/-/areaspawnr-0.7.5.tgz#0f1b72f2cdf4ff03474213f0c244570da099522d"
  integrity sha512-8bhREvybvtbBJJyT86L1Buo3eCvzgjGYN2LZBcHYZBX6/9FZX9Cjbg4muC5SxqoAhVlQ4Km4n/LebViJkcnVtA==
  dependencies:
    mapscreatr "^0.7.9"
    mapscreenr "^0.7.6"
    shenanigans-manager "^0.3.2"

audioplayr@^0.7.7:
  version "0.7.7"
  resolved "https://registry.yarnpkg.com/audioplayr/-/audioplayr-0.7.7.tgz#48f267fcd59db688ede6b9487307a94d56568661"
  integrity sha512-3VsaSThl8hPtWXSXmfSE+V2SEQ+x2QBZiImq4Q9iIP2j6/D7HyX3XLALMFPwaZxW8IoLB744ne3SSxzczeAqjA==

babyioc@^0.7.9:
  version "0.7.9"
  resolved "https://registry.yarnpkg.com/babyioc/-/babyioc-0.7.9.tgz#b54894f5fd52b0d30bd918662cc0de85708fcc99"
  integrity sha512-EIgbv58trdatTxOEXCPJAP/rvfE25xvD7YWxYBZH5fGSsNEvHicU/VOf0lQG0KdCeDmTBg80v2tCNd1yQ4F2ZA==

balanced-match@^1.0.0:
  version "1.0.0"
  resolved "https://registry.yarnpkg.com/balanced-match/-/balanced-match-1.0.0.tgz#89b4d199ab2bee49de164ea02b89ce462d71b767"
  integrity sha1-ibTRmasr7kneFk6gK4nORi1xt2c=

binary-extensions@^2.0.0:
  version "2.1.0"
  resolved "https://registry.yarnpkg.com/binary-extensions/-/binary-extensions-2.1.0.tgz#30fa40c9e7fe07dbc895678cd287024dea241dd9"
  integrity sha512-1Yj8h9Q+QDF5FzhMs/c9+6UntbD5MkRfRwac8DoEm9ZfUBZ7tZ55YcGVAzEe4bXsdQHEk+s9S5wsOKVdZrw0tQ==

brace-expansion@^1.1.7:
  version "1.1.11"
  resolved "https://registry.yarnpkg.com/brace-expansion/-/brace-expansion-1.1.11.tgz#3c7fcbf529d87226f3d2f52b966ff5271eb441dd"
  integrity sha512-iCuPHDFgrHX7H2vEI/5xpz07zSHB00TpugqhmYtVmMO6518mCuRMoOYFldEBl0g187ufozdaHgWKcYFb61qGiA==
  dependencies:
    balanced-match "^1.0.0"
    concat-map "0.0.1"

braces@~3.0.2:
  version "3.0.2"
  resolved "https://registry.yarnpkg.com/braces/-/braces-3.0.2.tgz#3454e1a462ee8d599e236df336cd9ea4f8afe107"
  integrity sha512-b8um+L1RzM3WDSzvhm6gIz1yfTbBt6YTlcEKAvsmqCZZFw46z626lVj9j1yEPW33H5H+lBQpZMP1k8l+78Ha0A==
  dependencies:
    fill-range "^7.0.1"

chalk@^4.1.0:
  version "4.1.0"
  resolved "https://registry.yarnpkg.com/chalk/-/chalk-4.1.0.tgz#4e14870a618d9e2edd97dd8345fd9d9dc315646a"
  integrity sha512-qwx12AxXe2Q5xQ43Ac//I6v5aXTipYrSESdOgzrN+9XjgEpyjpKuvSGaN4qE93f7TQTlerQQ8S+EQ0EyDoVL1A==
  dependencies:
    ansi-styles "^4.1.0"
    supports-color "^7.1.0"

changelinr@^0.7.6:
  version "0.7.6"
  resolved "https://registry.yarnpkg.com/changelinr/-/changelinr-0.7.6.tgz#178a3135fdbc8269ba547395e48ae7a6fd58dad3"
  integrity sha512-JNeu21zwoDxX1vbuEXXJVDMqZ3S8Uhda9A4yB730IitNK+ohnKt78YaYlw+c6DlqHB5P0vaSFzn5PH7V5bYzBA==

chokidar@^3.4.0:
  version "3.4.0"
  resolved "https://registry.yarnpkg.com/chokidar/-/chokidar-3.4.0.tgz#b30611423ce376357c765b9b8f904b9fba3c0be8"
  integrity sha512-aXAaho2VJtisB/1fg1+3nlLJqGOuewTzQpd/Tz0yTg2R0e4IGtshYvtjowyEumcBv2z+y4+kc75Mz7j5xJskcQ==
  dependencies:
    anymatch "~3.1.1"
    braces "~3.0.2"
    glob-parent "~5.1.0"
    is-binary-path "~2.1.0"
    is-glob "~4.0.1"
    normalize-path "~3.0.0"
    readdirp "~3.4.0"
  optionalDependencies:
    fsevents "~2.1.2"

classcyclr@^0.7.7:
  version "0.7.7"
  resolved "https://registry.yarnpkg.com/classcyclr/-/classcyclr-0.7.7.tgz#8cc2362a451825036f7ed38adb24ace57f29a08e"
  integrity sha512-15RYerjMUvl75xU+D/r7kbIlhvAJQ/hZzYkM43jT19T0KziGRgwTJsR6Krxg5oI4K4mBwMyW809IS6+PyooxFw==
  dependencies:
    shenanigans-manager "^0.3.2"
    timehandlr "^0.7.7"

color-convert@^2.0.1:
  version "2.0.1"
  resolved "https://registry.yarnpkg.com/color-convert/-/color-convert-2.0.1.tgz#72d3a68d598c9bdb3af2ad1e84f21d896abd4de3"
  integrity sha512-RRECPsj7iu/xb5oKYcsFHSppFNnsj/52OVTRKb4zP5onXwVF3zVmmToNcOfGC+CRDpfK/U584fMg38ZHCaElKQ==
  dependencies:
    color-name "~1.1.4"

color-name@~1.1.4:
  version "1.1.4"
  resolved "https://registry.yarnpkg.com/color-name/-/color-name-1.1.4.tgz#c2a09a87acbde69543de6f63fa3995c826c536a2"
  integrity sha512-dOy+3AuW3a2wNbZHIuMZpTcgjGuLU/uBL/ubcZF9OXbDo8ff4O8yVp5Bf0efS8uEoYo5q4Fx7dY9OgQGXgAsQA==

concat-map@0.0.1:
  version "0.0.1"
  resolved "https://registry.yarnpkg.com/concat-map/-/concat-map-0.0.1.tgz#d8a96bd77fd68df7793a73036a3ba0d5405d477b"
  integrity sha1-2Klr13/Wjfd5OnMDajug1UBdR3s=

devicelayr@^0.7.8:
  version "0.7.8"
  resolved "https://registry.yarnpkg.com/devicelayr/-/devicelayr-0.7.8.tgz#70c137bc32fa8eb9c0e2c291f5d6a84bc5536b67"
  integrity sha512-dguH0AC42OxrNderrWKMtOZFTqexFZqo6DRetyBdouSAqYApfGFA+QMCPzqaTLtFlaLsCVoN76ij8AwjXHpeMQ==
  dependencies:
    inputwritr "^0.7.6"
    shenanigans-manager "^0.3.2"

eightbittr@^0.7.30:
  version "0.7.30"
  resolved "https://registry.yarnpkg.com/eightbittr/-/eightbittr-0.7.30.tgz#4bc6b924dee8b81715cb637746297f10cb583c50"
  integrity sha512-/8xHcM8c7NrhmV90pzg6MMEPUYDIPLCIJLRhm9f5jwTDsWGD1gkKFD2bi2y9sbeI0FIRbz+BvX7VHwFmQ8Hjzw==
  dependencies:
    areaspawnr "^0.7.5"
    audioplayr "^0.7.7"
    babyioc "^0.7.9"
    changelinr "^0.7.6"
    classcyclr "^0.7.7"
    devicelayr "^0.7.8"
    fpsanalyzr "^0.7.10"
    frametickr "^0.7.10"
    groupholdr "^0.7.13"
    inputwritr "^0.7.6"
    itemsholdr "^0.7.12"
    mapscreatr "^0.7.9"
    mapscreenr "^0.7.6"
    modattachr "^0.7.10"
    numbermakr "^0.7.5"
    objectmakr "^0.7.9"
    pixeldrawr "^0.7.10"
    pixelrendr "^0.7.6"
    quadskeepr "^0.7.6"
    sceneplayr "^0.7.5"
    shenanigans-manager "^0.3.2"
    stringfilr "^0.7.8"
    thinghittr "^0.7.4"
    timehandlr "^0.7.7"
    touchpassr "^0.7.5"

fill-range@^7.0.1:
  version "7.0.1"
  resolved "https://registry.yarnpkg.com/fill-range/-/fill-range-7.0.1.tgz#1919a6a7c75fe38b2c7c77e5198535da9acdda40"
  integrity sha512-qOo9F+dMUmC2Lcb4BbVvnKJxTPjCm+RRpe4gDuGrzkL7mEVl/djYSu2OdQ2Pa302N4oqkSg9ir6jaLWJ2USVpQ==
  dependencies:
    to-regex-range "^5.0.1"

fpsanalyzr@^0.7.10:
  version "0.7.10"
  resolved "https://registry.yarnpkg.com/fpsanalyzr/-/fpsanalyzr-0.7.10.tgz#4e4cda2514fdbe7352dc2b4c5a541c513becb808"
  integrity sha512-bvkf0Y3w75i1KATm7kJRowJsrjLOx1DxsICiQ2S9BVWORhmOdpDdNGupP75OJaT3ZCDwbfJ9pPcS+c7Y7d/ROA==

frametickr@^0.7.10:
  version "0.7.10"
  resolved "https://registry.yarnpkg.com/frametickr/-/frametickr-0.7.10.tgz#41f20dba4be7fae49d04389094cbf8ce41e72ed5"
  integrity sha512-JUcBqPKeNc2ou6+Uo1fuBGseIc0YQfwd125Z2cT4JB3MFGPUmVZcc2YcP+6JLd1vj3D0NFz26V2KG4npjPjfKQ==

fs.realpath@^1.0.0:
  version "1.0.0"
  resolved "https://registry.yarnpkg.com/fs.realpath/-/fs.realpath-1.0.0.tgz#1504ad2523158caa40db4a2787cb01411994ea4f"
  integrity sha1-FQStJSMVjKpA20onh8sBQRmU6k8=

fsevents@~2.1.2:
  version "2.1.3"
  resolved "https://registry.yarnpkg.com/fsevents/-/fsevents-2.1.3.tgz#fb738703ae8d2f9fe900c33836ddebee8b97f23e"
  integrity sha512-Auw9a4AxqWpa9GUfj370BMPzzyncfBABW8Mab7BGWBYDj4Isgq+cDKtx0i6u9jcX9pQDnswsaaOTgTmA5pEjuQ==

glob-parent@~5.1.0:
  version "5.1.1"
  resolved "https://registry.yarnpkg.com/glob-parent/-/glob-parent-5.1.1.tgz#b6c1ef417c4e5663ea498f1c45afac6916bbc229"
  integrity sha512-FnI+VGOpnlGHWZxthPGR+QhR78fuiK0sNLkHQv+bL9fQi57lNNdquIbna/WrfROrolq8GK5Ek6BiMwqL/voRYQ==
  dependencies:
    is-glob "^4.0.1"

glob@^7.1.3, glob@^7.1.6:
  version "7.1.6"
  resolved "https://registry.yarnpkg.com/glob/-/glob-7.1.6.tgz#141f33b81a7c2492e125594307480c46679278a6"
  integrity sha512-LwaxwyZ72Lk7vZINtNNrywX0ZuLyStrdDtabefZKAY5ZGJhVtgdznluResxNmPitE0SAO+O26sWTHeKSI2wMBA==
  dependencies:
    fs.realpath "^1.0.0"
    inflight "^1.0.4"
    inherits "2"
    minimatch "^3.0.4"
    once "^1.3.0"
    path-is-absolute "^1.0.0"

groupholdr@^0.7.13:
  version "0.7.13"
  resolved "https://registry.yarnpkg.com/groupholdr/-/groupholdr-0.7.13.tgz#cfcd0c32ac94f3068e60193fc19a988c659166e1"
  integrity sha512-/N+3d68Nc0HCJFfw+P4dfHxxikqOnm27X+xLSTSpikJalkY2KBDbPJsFKLshhp7mTI1kj8VJ7JFXHsgS8eNqwg==

has-flag@^4.0.0:
  version "4.0.0"
  resolved "https://registry.yarnpkg.com/has-flag/-/has-flag-4.0.0.tgz#944771fd9c81c81265c4d6941860da06bb59479b"
  integrity sha512-EykJT/Q1KjTWctppgIAgfSO0tKVuZUjhgMr17kqTumMl6Afv3EISleU7qZUzoXDFTAHTDC4NOoG/ZxU3EvlMPQ==

inflight@^1.0.4:
  version "1.0.6"
  resolved "https://registry.yarnpkg.com/inflight/-/inflight-1.0.6.tgz#49bd6331d7d02d0c09bc910a1075ba8165b56df9"
  integrity sha1-Sb1jMdfQLQwJvJEKEHW6gWW1bfk=
  dependencies:
    once "^1.3.0"
    wrappy "1"

inherits@2:
  version "2.0.4"
  resolved "https://registry.yarnpkg.com/inherits/-/inherits-2.0.4.tgz#0fa2c64f932917c3433a0ded55363aae37416b7c"
  integrity sha512-k/vGaX4/Yla3WzyMCvTQOXYeIHvqOKtnqBduzTHpzpQZzAskKMhZ2K+EnBiSM9zGSoIFeMpXKxa4dYeZIQqewQ==

inputwritr@^0.7.6:
  version "0.7.6"
  resolved "https://registry.yarnpkg.com/inputwritr/-/inputwritr-0.7.6.tgz#35f84fd6213c3b38fe45722498f25b38ab7c14ae"
  integrity sha512-m6jPBxfCToDU/YmyRliPM+Tn6VsfzQv9Yk/XF5u5U8aazPjOSnynUHj9Dj6XbzSgXCa1VzjJEFfSUFl15ecy4Q==

is-binary-path@~2.1.0:
  version "2.1.0"
  resolved "https://registry.yarnpkg.com/is-binary-path/-/is-binary-path-2.1.0.tgz#ea1f7f3b80f064236e83470f86c09c254fb45b09"
  integrity sha512-ZMERYes6pDydyuGidse7OsHxtbI7WVeUEozgR/g7rd0xUimYNlvZRE/K2MgZTjWy725IfelLeVcEM97mmtRGXw==
  dependencies:
    binary-extensions "^2.0.0"

is-extglob@^2.1.1:
  version "2.1.1"
  resolved "https://registry.yarnpkg.com/is-extglob/-/is-extglob-2.1.1.tgz#a88c02535791f02ed37c76a1b9ea9773c833f8c2"
  integrity sha1-qIwCU1eR8C7TfHahueqXc8gz+MI=

is-glob@^4.0.1, is-glob@~4.0.1:
  version "4.0.1"
  resolved "https://registry.yarnpkg.com/is-glob/-/is-glob-4.0.1.tgz#7567dbe9f2f5e2467bc77ab83c4a29482407a5dc"
  integrity sha512-5G0tKtBTFImOqDnLB2hG6Bp2qcKEFduo4tZu9MT/H6NQv/ghhy30o55ufafxJ/LdH79LLs2Kfrn85TLKyA7BUg==
  dependencies:
    is-extglob "^2.1.1"

is-number@^7.0.0:
  version "7.0.0"
  resolved "https://registry.yarnpkg.com/is-number/-/is-number-7.0.0.tgz#7535345b896734d5f80c4d06c50955527a14f12b"
  integrity sha512-41Cifkg6e8TylSpdtTpeLVMqvSBEVzTttHvERD741+pnZ8ANv0004MRL43QKPDlK9cGvNp6NZWZUBlbGXYxxng==

itemsholdr@^0.7.12:
  version "0.7.12"
  resolved "https://registry.yarnpkg.com/itemsholdr/-/itemsholdr-0.7.12.tgz#60701b5c450843cc712de8d37ed8389481da9b94"
  integrity sha512-Few6SssF/J9r1QCrBfY0xwJAG667C0R8gn6UKp2O1j4CVWfQHqCPl2J2zw0kxYzpDW6Ikw5HQVSagOiM4zhysg==

json-stable-stringify@^1.0.1:
  version "1.0.1"
  resolved "https://registry.yarnpkg.com/json-stable-stringify/-/json-stable-stringify-1.0.1.tgz#9a759d39c5f2ff503fd5300646ed445f88c4f9af"
  integrity sha1-mnWdOcXy/1A/1TAGRu1EX4jE+a8=
  dependencies:
    jsonify "~0.0.0"

jsonify@~0.0.0:
  version "0.0.0"
  resolved "https://registry.yarnpkg.com/jsonify/-/jsonify-0.0.0.tgz#2c74b6ee41d93ca51b7b5aaee8f503631d252a73"
  integrity sha1-LHS27kHZPKUbe1qu6PUDYx0lKnM=

mapscreatr@^0.7.9:
  version "0.7.9"
  resolved "https://registry.yarnpkg.com/mapscreatr/-/mapscreatr-0.7.9.tgz#8c417175d7727f232f2f56f5443de58674da1d60"
  integrity sha512-XeERar4RAIOL7V+AzN2lnOoLvjgiIeaZJo6Fdvoo945VugB4+odIJmQ5fC5I5f/lXgJXbOuTEdd4n/Vc4GAFlA==
  dependencies:
    itemsholdr "^0.7.12"
    objectmakr "^0.7.9"
    shenanigans-manager "^0.3.2"

mapscreenr@^0.7.6:
  version "0.7.6"
  resolved "https://registry.yarnpkg.com/mapscreenr/-/mapscreenr-0.7.6.tgz#6983a63f6721e70af558b41cc9d1f2b04ea0076c"
  integrity sha512-MqOl+CsgKnHzINohqcnGRzHn47O3TMX3m2dWLY/490i91DKjcxYAEzJ5BClvRDmfkxI93tYQfQ+zSIzDW8msZg==

minimatch@^3.0.4:
  version "3.0.4"
  resolved "https://registry.yarnpkg.com/minimatch/-/minimatch-3.0.4.tgz#5166e286457f03306064be5497e8dbb0c3d32083"
  integrity sha512-yJHVQEhyqPLUTgt9B83PXu6W3rx4MvvHvSUvToogpwoGDOUQ+yDrR0HRot+yOCdCO7u4hX3pWft6kWBBcqh0UA==
  dependencies:
    brace-expansion "^1.1.7"

minimist@^1.2.5:
  version "1.2.5"
  resolved "https://registry.yarnpkg.com/minimist/-/minimist-1.2.5.tgz#67d66014b66a6a8aaa0c083c5fd58df4e4e97602"
  integrity sha512-FM9nNUYrRBAELZQT3xeZQ7fmMOBg6nWNmJKTcgsJeaLstP/UODVpGsr5OhXhhXg6f+qtJ8uiZ+PUxkDWcgIXLw==

mkdirp@^1.0.4:
  version "1.0.4"
  resolved "https://registry.yarnpkg.com/mkdirp/-/mkdirp-1.0.4.tgz#3eb5ed62622756d79a5f0e2a221dfebad75c2f7e"
  integrity sha512-vVqVZQyf3WLx2Shd0qJ9xuvqgAyKPLAiqITEtqW0oIUjzo3PePDd6fW9iFz30ef7Ysp/oiWqbhszeGWW2T6Gzw==

modattachr@^0.7.10:
  version "0.7.10"
  resolved "https://registry.yarnpkg.com/modattachr/-/modattachr-0.7.10.tgz#637268815c3cf2b2bd7ee93e851898418e079bda"
  integrity sha512-qOKVIZr/HyvEx1lep0oVT//yya8TVFvkQbzFHmyfsK1QfyJ7EOLqMWAP5qQmsL6ppfwflKQxsZkc0NqF3rimlg==
  dependencies:
    itemsholdr "^0.7.12"
    shenanigans-manager "^0.3.2"

moment@^2.27.0:
  version "2.27.0"
  resolved "https://registry.yarnpkg.com/moment/-/moment-2.27.0.tgz#8bff4e3e26a236220dfe3e36de756b6ebaa0105d"
  integrity sha512-al0MUK7cpIcglMv3YF13qSgdAIqxHTO7brRtaz3DlSULbqfazqkc5kEjNrLDOM7fsjshoFIihnU8snrP7zUvhQ==

mustache@^4.0.1:
  version "4.0.1"
  resolved "https://registry.yarnpkg.com/mustache/-/mustache-4.0.1.tgz#d99beb031701ad433338e7ea65e0489416c854a2"
  integrity sha512-yL5VE97+OXn4+Er3THSmTdCFCtx5hHWzrolvH+JObZnUYwuaG7XV+Ch4fR2cIrcYI0tFHxS7iyFYl14bW8y2sA==

mz@^2.7.0:
  version "2.7.0"
  resolved "https://registry.yarnpkg.com/mz/-/mz-2.7.0.tgz#95008057a56cafadc2bc63dde7f9ff6955948e32"
  integrity sha512-z81GNO7nnYMEhrGh9LeymoE4+Yr0Wn5McHIZMK5cfQCl+NDX08sCZgUc9/6MHni9IWuFLm1Z3HTCXu2z9fN62Q==
  dependencies:
    any-promise "^1.0.0"
    object-assign "^4.0.1"
    thenify-all "^1.0.0"

normalize-path@^3.0.0, normalize-path@~3.0.0:
  version "3.0.0"
  resolved "https://registry.yarnpkg.com/normalize-path/-/normalize-path-3.0.0.tgz#0dcd69ff23a1c9b11fd0978316644a0388216a65"
  integrity sha512-6eZs5Ls3WtCisHWp9S2GUy8dqkpGi4BVSz3GaqiE6ezub0512ESztXUwUB6C6IKbQkY2Pnb/mD4WYojCRwcwLA==

numbermakr@^0.7.5:
  version "0.7.5"
  resolved "https://registry.yarnpkg.com/numbermakr/-/numbermakr-0.7.5.tgz#8e08880959de429d87d98dbfe29abe9476ce1ab2"
  integrity sha512-+T+NMVtK7pTq9LQVvBWEB/W3H2PpZAzWO+TMOsTRmr5S8uwWM+WbaTIt82uMif3YYVeXeHJ3iu6eIetlpbYqKg==

object-assign@^4.0.1:
  version "4.1.1"
  resolved "https://registry.yarnpkg.com/object-assign/-/object-assign-4.1.1.tgz#2109adc7965887cfc05cbbd442cac8bfbb360863"
  integrity sha1-IQmtx5ZYh8/AXLvUQsrIv7s2CGM=

objectmakr@^0.7.9:
  version "0.7.9"
  resolved "https://registry.yarnpkg.com/objectmakr/-/objectmakr-0.7.9.tgz#3e45c455fa4d162503ffde9bbb0ffef8f3e6708e"
  integrity sha512-0/jfl2XOEqTgMoo25EywkqRCjeMj0eIS/RmfeVFP+F6M128vUPjiCJLyX6ur4lZG+UoF0nlwh3ruxXkp30M0sg==

once@^1.3.0:
  version "1.4.0"
  resolved "https://registry.yarnpkg.com/once/-/once-1.4.0.tgz#583b1aa775961d4b113ac17d9c50baef9dd76bd1"
  integrity sha1-WDsap3WWHUsROsF9nFC6753Xa9E=
  dependencies:
    wrappy "1"

path-is-absolute@^1.0.0:
  version "1.0.1"
  resolved "https://registry.yarnpkg.com/path-is-absolute/-/path-is-absolute-1.0.1.tgz#174b9268735534ffbc7ace6bf53a5a9e1b5c5f5f"
  integrity sha1-F0uSaHNVNP+8es5r9TpanhtcX18=

picomatch@^2.0.4, picomatch@^2.2.1:
  version "2.2.2"
  resolved "https://registry.yarnpkg.com/picomatch/-/picomatch-2.2.2.tgz#21f333e9b6b8eaff02468f5146ea406d345f4dad"
  integrity sha512-q0M/9eZHzmr0AulXyPwNfZjtwZ/RBZlbN3K3CErVrk50T2ASYI7Bye0EvekFY3IP1Nt2DHu0re+V2ZHIpMkuWg==

pixeldrawr@^0.7.10:
  version "0.7.10"
  resolved "https://registry.yarnpkg.com/pixeldrawr/-/pixeldrawr-0.7.10.tgz#95e8db2f074abef7ecd3407ab1784c70560224f9"
  integrity sha512-kP8FQyxoJpPU+k1rEVgV5NmtMjMRiRSilKyWLAwUBubbkx4IiasVmfyAMVprLCQo2Zm1g7HveLAtj6IYdB04nw==
  dependencies:
    pixelrendr "^0.7.6"
    shenanigans-manager "^0.3.2"

pixelrendr@^0.7.6:
  version "0.7.6"
  resolved "https://registry.yarnpkg.com/pixelrendr/-/pixelrendr-0.7.6.tgz#fe24d9545df248dc6adb4a432df0f5a770d0c0ff"
  integrity sha512-A9VGAvCXYQBT1DpHD6+dSjCylDjE8k06Ce1Gaf7hgXIyZYBKQG2qAK9CeE4J1EnrHrTNCNHyvySJzyOnLGDXow==
  dependencies:
    changelinr "^0.7.6"
    shenanigans-manager "^0.3.2"
    stringfilr "^0.7.8"

quadskeepr@^0.7.6:
  version "0.7.6"
  resolved "https://registry.yarnpkg.com/quadskeepr/-/quadskeepr-0.7.6.tgz#92ee0cfad06fb51e10f7c38afde6f8b951e687c7"
  integrity sha512-29myOnxsqxx3h1hsIyAuU+pn7BefyiIpIjNvOyRr+k52E0ZX+igR1qO6zEGmZSFVuq9b6R3TWOpR6/iD89MPwQ==

readdirp@~3.4.0:
  version "3.4.0"
  resolved "https://registry.yarnpkg.com/readdirp/-/readdirp-3.4.0.tgz#9fdccdf9e9155805449221ac645e8303ab5b9ada"
  integrity sha512-0xe001vZBnJEK+uKcj8qOhyAKPzIT+gStxWr3LCB0DwcXR5NZJ3IaC+yGnHCYzB/S7ov3m3EEbZI2zeNvX+hGQ==
  dependencies:
    picomatch "^2.2.1"

rimraf@^3.0.2:
  version "3.0.2"
  resolved "https://registry.yarnpkg.com/rimraf/-/rimraf-3.0.2.tgz#f1a5402ba6220ad52cc1282bac1ae3aa49fd061a"
  integrity sha512-JZkJMZkAGFFPP2YqXZXPbMlMBgsxzE8ILs4lMIX/2o0L9UBw9O/Y3o6wFw/i9YLapcUJWwqbi3kdxIPdC62TIA==
  dependencies:
    glob "^7.1.3"

sceneplayr@^0.7.5:
  version "0.7.5"
  resolved "https://registry.yarnpkg.com/sceneplayr/-/sceneplayr-0.7.5.tgz#44be01d2f0eb714e345410d2dab39e8a8faaddb5"
  integrity sha512-ksdQhYkW7ZaEXs8jLy08Zu1hSAvIsKyIc837i5xH151/6vAdlSUk+nJmQADhA1eDxEPYjtlpc1EjpebdqfDOFQ==

shenanigans-manager@^0.3.0, shenanigans-manager@^0.3.2:
  version "0.3.2"
  resolved "https://registry.yarnpkg.com/shenanigans-manager/-/shenanigans-manager-0.3.2.tgz#959e2ec5854cfd3677522e626d45a6d717b52438"
  integrity sha512-TxcnLiC/RKl8BL8Z0gyWB3wdz6Q7uNEXpxpv2tg0ITdL83ApxmZRp8tOjm5V2AsWc/AqtKrjJQylHqMFhfGZrQ==
  dependencies:
    chalk "^4.1.0"
    chokidar "^3.4.0"
    glob "^7.1.6"
    json-stable-stringify "^1.0.1"
    minimist "^1.2.5"
    mkdirp "^1.0.4"
    moment "^2.27.0"
    mustache "^4.0.1"
    mz "^2.7.0"
    rimraf "^3.0.2"

stringfilr@^0.7.8:
  version "0.7.8"
  resolved "https://registry.yarnpkg.com/stringfilr/-/stringfilr-0.7.8.tgz#8c5c1a4604cc273e07aca147d5660f6f54eaeeea"
  integrity sha512-2+lZ2U+PDu5uFwtcLssPrrdyShoyQCEPGOZcdg4iofwP6tf7DifoHFauDrA+LgMWTNr+pgPJtmHbBp1jfF/+VQ==

supports-color@^7.1.0:
  version "7.1.0"
  resolved "https://registry.yarnpkg.com/supports-color/-/supports-color-7.1.0.tgz#68e32591df73e25ad1c4b49108a2ec507962bfd1"
  integrity sha512-oRSIpR8pxT1Wr2FquTNnGet79b3BWljqOuoW/h4oBhxJ/HUbX5nX6JSruTkvXDCFMwDPvsaTTbvMLKZWSy0R5g==
  dependencies:
    has-flag "^4.0.0"

thenify-all@^1.0.0:
  version "1.6.0"
  resolved "https://registry.yarnpkg.com/thenify-all/-/thenify-all-1.6.0.tgz#1a1918d402d8fc3f98fbf234db0bcc8cc10e9726"
  integrity sha1-GhkY1ALY/D+Y+/I02wvMjMEOlyY=
  dependencies:
    thenify ">= 3.1.0 < 4"

"thenify@>= 3.1.0 < 4":
  version "3.3.1"
  resolved "https://registry.yarnpkg.com/thenify/-/thenify-3.3.1.tgz#8932e686a4066038a016dd9e2ca46add9838a95f"
  integrity sha512-RVZSIV5IG10Hk3enotrhvz0T9em6cyHBLkH/YAZuKqd8hRkKhSfCGIcP2KUY0EPxndzANBmNllzWPwak+bheSw==
  dependencies:
    any-promise "^1.0.0"

thinghittr@^0.7.4:
  version "0.7.4"
  resolved "https://registry.yarnpkg.com/thinghittr/-/thinghittr-0.7.4.tgz#2efbc55424b808d58d0a5e04db3cf08c8adf230a"
  integrity sha512-g/e25iqJ/bhl7MNINO5Qf3Aq5ShwAu5GLRsTeCdVvRX0AN5FPc2wB60gBNzFXvDYuqHdRewhrJysazA6W0gHxg==
  dependencies:
    quadskeepr "^0.7.6"
    shenanigans-manager "^0.3.2"

timehandlr@^0.7.7:
  version "0.7.7"
  resolved "https://registry.yarnpkg.com/timehandlr/-/timehandlr-0.7.7.tgz#bf8010a640708f16da47ec4cc82c8a33ca89ac9a"
  integrity sha512-W3oR+6BEBTSNSOXvnyQSbo0KCGFIYXKaAdXKvR5bgytoWejMFtBZlBu3SnIbsnf6wCmjanTiat44Zg67mYEQYw==

to-regex-range@^5.0.1:
  version "5.0.1"
  resolved "https://registry.yarnpkg.com/to-regex-range/-/to-regex-range-5.0.1.tgz#1648c44aae7c8d988a326018ed72f5b4dd0392e4"
  integrity sha512-65P7iz6X5yEr1cwcgvQxbbIw7Uk3gOy5dIdtZ4rDveLqhrdJP+Li/Hx6tyK0NEb+2GCyneCMJiGqrADCSNk8sQ==
  dependencies:
    is-number "^7.0.0"

touchpassr@^0.7.5:
  version "0.7.5"
  resolved "https://registry.yarnpkg.com/touchpassr/-/touchpassr-0.7.5.tgz#3e855d2d79e47e4eaca3932a145cab04ee53044d"
  integrity sha512-rriHncG4nD7ntW0i1kY/fSnt9TZQpaEgqz4C+AUhU9vSlgLVF1rW/oxypRo1xdqkZIFXXGQLkqU6dJ+DkylkCA==
  dependencies:
    inputwritr "^0.7.6"
    itemsholdr "^0.7.12"
    shenanigans-manager "^0.3.2"

wrappy@1:
  version "1.0.2"
  resolved "https://registry.yarnpkg.com/wrappy/-/wrappy-1.0.2.tgz#b5243d8f3ec1aa35f1364605bc0d1036e30ab69f"
  integrity sha1-tSQ9jz7BqjXxNkYFvA0QNuMKtp8=
